
Microsoft Visual Studio Solution File, Format Version 12.00
# Visual Studio Version 16
VisualStudioVersion = 16.0.31911.196
MinimumVisualStudioVersion = 10.0.40219.1
Project("{FAE04EC0-301F-11D3-BF4B-00C04F79EFBC}") = "PredictorWeb", "PredictorWeb\PredictorWeb.csproj", "{1CBAE581-2A73-4D8D-989C-430011E1CC3B}"
EndProject
Global
	GlobalSection(SolutionConfigurationPlatforms) = preSolution
		Debug|Any CPU = Debug|Any CPU
		Release|Any CPU = Release|Any CPU
	EndGlobalSection
	GlobalSection(ProjectConfigurationPlatforms) = postSolution
		{1CBAE581-2A73-4D8D-989C-430011E1CC3B}.Debug|Any CPU.ActiveCfg = Debug|Any CPU
		{1CBAE581-2A73-4D8D-989C-430011E1CC3B}.Debug|Any CPU.Build.0 = Debug|Any CPU
		{1CBAE581-2A73-4D8D-989C-430011E1CC3B}.Release|Any CPU.ActiveCfg = Release|Any CPU
		{1CBAE581-2A73-4D8D-989C-430011E1CC3B}.Release|Any CPU.Build.0 = Release|Any CPU
	EndGlobalSection
	GlobalSection(SolutionProperties) = preSolution
		HideSolutionNode = FALSE
	EndGlobalSection
	GlobalSection(ExtensibilityGlobals) = postSolution
		SolutionGuid = {B35518DC-8068-48DB-8DB8-B31109D15732}
	EndGlobalSection
EndGlobal
